
Microsoft Visual Studio Solution File, Format Version 12.00
# Visual Studio 15
Project("{FAE04EC0-301F-11D3-BF4B-00C04F79EFBC}") = "admin_root", "admin_root.csproj", "{926A899C-1D8F-4846-9753-9A8B5118BAB2}"
EndProject
Global
	GlobalSection(SolutionConfigurationPlatforms) = preSolution
		Debug|Any CPU = Debug|Any CPU
		Release|Any CPU = Release|Any CPU
	EndGlobalSection
	GlobalSection(ProjectConfigurationPlatforms) = postSolution
		{926A899C-1D8F-4846-9753-9A8B5118BAB2}.Debug|Any CPU.ActiveCfg = Debug|Any CPU
		{926A899C-1D8F-4846-9753-9A8B5118BAB2}.Debug|Any CPU.Build.0 = Debug|Any CPU
		{926A899C-1D8F-4846-9753-9A8B5118BAB2}.Release|Any CPU.ActiveCfg = Release|Any CPU
		{926A899C-1D8F-4846-9753-9A8B5118BAB2}.Release|Any CPU.Build.0 = Release|Any CPU
	EndGlobalSection
EndGlobal
